// !$*UTF8*$!
{
	archiveVersion = 1;
	classes = {
	};
	objectVersion = 46;
	objects = {

/* Begin PBXBuildFile section */
		493903341C4A877E00E7BE50 /* BRBCalmKitSpectrumColumnAnimator.swift in Sources */ = {isa = PBXBuildFile; fileRef = 493903331C4A877E00E7BE50 /* BRBCalmKitSpectrumColumnAnimator.swift */; };
		4939033A1C4B7DB300E7BE50 /* BRBAngularGradientLayer.swift in Sources */ = {isa = PBXBuildFile; fileRef = 493903391C4B7DB300E7BE50 /* BRBAngularGradientLayer.swift */; };
		4939033C1C4BE6CB00E7BE50 /* BRBCalmKitFadingRingAnimator.swift in Sources */ = {isa = PBXBuildFile; fileRef = 4939033B1C4BE6CB00E7BE50 /* BRBCalmKitFadingRingAnimator.swift */; };
		493B28D61C4CA35300ED43A6 /* BRBCalmKitPairFadingRingAnimator.swift in Sources */ = {isa = PBXBuildFile; fileRef = 493B28D51C4CA35300ED43A6 /* BRBCalmKitPairFadingRingAnimator.swift */; };
		493B28D81C4E099400ED43A6 /* BRBCalmKitDoubleArcAnimator.swift in Sources */ = {isa = PBXBuildFile; fileRef = 493B28D71C4E099400ED43A6 /* BRBCalmKitDoubleArcAnimator.swift */; };
		49409F141C48DC6A0077551B /* AppDelegate.swift in Sources */ = {isa = PBXBuildFile; fileRef = 49409F131C48DC6A0077551B /* AppDelegate.swift */; };
		49409F161C48DC6A0077551B /* ViewController.swift in Sources */ = {isa = PBXBuildFile; fileRef = 49409F151C48DC6A0077551B /* ViewController.swift */; };
		49409F1B1C48DC6A0077551B /* Assets.xcassets in Resources */ = {isa = PBXBuildFile; fileRef = 49409F1A1C48DC6A0077551B /* Assets.xcassets */; };
		49409F1E1C48DC6A0077551B /* LaunchScreen.storyboard in Resources */ = {isa = PBXBuildFile; fileRef = 49409F1C1C48DC6A0077551B /* LaunchScreen.storyboard */; };
		49409F2F1C48DCB10077551B /* BRBCalmKitBounceAnimator.swift in Sources */ = {isa = PBXBuildFile; fileRef = 49409F271C48DCB10077551B /* BRBCalmKitBounceAnimator.swift */; };
		49409F301C48DCB10077551B /* BRBCalmKitChasingDotsAnimator.swift in Sources */ = {isa = PBXBuildFile; fileRef = 49409F281C48DCB10077551B /* BRBCalmKitChasingDotsAnimator.swift */; };
		49409F311C48DCB10077551B /* BRBCalmKitCircleAnimator.swift in Sources */ = {isa = PBXBuildFile; fileRef = 49409F291C48DCB10077551B /* BRBCalmKitCircleAnimator.swift */; };
		49409F321C48DCB10077551B /* BRBCalmKitCubeGridAnimator.swift in Sources */ = {isa = PBXBuildFile; fileRef = 49409F2A1C48DCB10077551B /* BRBCalmKitCubeGridAnimator.swift */; };
		49409F331C48DCB10077551B /* BRBCalmKitDotDonutAnimator.swift in Sources */ = {isa = PBXBuildFile; fileRef = 49409F2B1C48DCB10077551B /* BRBCalmKitDotDonutAnimator.swift */; };
		49409F341C48DCB10077551B /* BRBCalmKitSideBounceAnimator.swift in Sources */ = {isa = PBXBuildFile; fileRef = 49409F2C1C48DCB10077551B /* BRBCalmKitSideBounceAnimator.swift */; };
		49409F351C48DCB10077551B /* BRBCalmKitAnimator.swift in Sources */ = {isa = PBXBuildFile; fileRef = 49409F2D1C48DCB10077551B /* BRBCalmKitAnimator.swift */; };
		49409F361C48DCB10077551B /* BRBCalmKitView.swift in Sources */ = {isa = PBXBuildFile; fileRef = 49409F2E1C48DCB10077551B /* BRBCalmKitView.swift */; };
		49409F381C48E4840077551B /* BRBCalmKitCircleFlipAnimator.swift in Sources */ = {isa = PBXBuildFile; fileRef = 49409F371C48E4840077551B /* BRBCalmKitCircleFlipAnimator.swift */; };
		49409F3A1C48E9F90077551B /* BRBCalmKitPlaneFlipAnimator.swift in Sources */ = {isa = PBXBuildFile; fileRef = 49409F391C48E9F90077551B /* BRBCalmKitPlaneFlipAnimator.swift */; };
		49409F3C1C48EC800077551B /* BRBCalmKitWaveAnimator.swift in Sources */ = {isa = PBXBuildFile; fileRef = 49409F3B1C48EC800077551B /* BRBCalmKitWaveAnimator.swift */; };
		49409F3E1C48EE660077551B /* BRBCalmKitWordPressAnimator.swift in Sources */ = {isa = PBXBuildFile; fileRef = 49409F3D1C48EE660077551B /* BRBCalmKitWordPressAnimator.swift */; };
		49409F401C48FA9D0077551B /* BRBCalmKitArcAnimator.swift in Sources */ = {isa = PBXBuildFile; fileRef = 49409F3F1C48FA9D0077551B /* BRBCalmKitArcAnimator.swift */; };
		49409F421C48FD630077551B /* BRBCalmKitArcAltAnimator.swift in Sources */ = {isa = PBXBuildFile; fileRef = 49409F411C48FD630077551B /* BRBCalmKitArcAltAnimator.swift */; };
		49409F441C4901400077551B /* BRBCalmKitPulseAnimator.swift in Sources */ = {isa = PBXBuildFile; fileRef = 49409F431C4901400077551B /* BRBCalmKitPulseAnimator.swift */; };
		49409F461C4902860077551B /* BRBCalmKitFadingCircleAnimator.swift in Sources */ = {isa = PBXBuildFile; fileRef = 49409F451C4902860077551B /* BRBCalmKitFadingCircleAnimator.swift */; };
		49409F481C4907B20077551B /* BRBCalmKitFadingCircleAltAnimator.swift in Sources */ = {isa = PBXBuildFile; fileRef = 49409F471C4907B20077551B /* BRBCalmKitFadingCircleAltAnimator.swift */; };
		49409F4A1C4908780077551B /* BRBCalmKitWanderingCubesAnimator.swift in Sources */ = {isa = PBXBuildFile; fileRef = 49409F491C4908780077551B /* BRBCalmKitWanderingCubesAnimator.swift */; };
		49409F4C1C4922B70077551B /* BRBCalmKitBigDonutAnimator.swift in Sources */ = {isa = PBXBuildFile; fileRef = 49409F4B1C4922B70077551B /* BRBCalmKitBigDonutAnimator.swift */; };
/* End PBXBuildFile section */

/* Begin PBXFileReference section */
		493903331C4A877E00E7BE50 /* BRBCalmKitSpectrumColumnAnimator.swift */ = {isa = PBXFileReference; fileEncoding = 4; lastKnownFileType = sourcecode.swift; path = BRBCalmKitSpectrumColumnAnimator.swift; sourceTree = "<group>"; };
		493903391C4B7DB300E7BE50 /* BRBAngularGradientLayer.swift */ = {isa = PBXFileReference; fileEncoding = 4; lastKnownFileType = sourcecode.swift; path = BRBAngularGradientLayer.swift; sourceTree = "<group>"; };
		4939033B1C4BE6CB00E7BE50 /* BRBCalmKitFadingRingAnimator.swift */ = {isa = PBXFileReference; fileEncoding = 4; lastKnownFileType = sourcecode.swift; path = BRBCalmKitFadingRingAnimator.swift; sourceTree = "<group>"; };
		493B28D51C4CA35300ED43A6 /* BRBCalmKitPairFadingRingAnimator.swift */ = {isa = PBXFileReference; fileEncoding = 4; lastKnownFileType = sourcecode.swift; path = BRBCalmKitPairFadingRingAnimator.swift; sourceTree = "<group>"; };
		493B28D71C4E099400ED43A6 /* BRBCalmKitDoubleArcAnimator.swift */ = {isa = PBXFileReference; fileEncoding = 4; lastKnownFileType = sourcecode.swift; path = BRBCalmKitDoubleArcAnimator.swift; sourceTree = "<group>"; };
		49409F101C48DC6A0077551B /* CalmKitDemo.app */ = {isa = PBXFileReference; explicitFileType = wrapper.application; includeInIndex = 0; path = CalmKitDemo.app; sourceTree = BUILT_PRODUCTS_DIR; };
		49409F131C48DC6A0077551B /* AppDelegate.swift */ = {isa = PBXFileReference; lastKnownFileType = sourcecode.swift; path = AppDelegate.swift; sourceTree = "<group>"; };
		49409F151C48DC6A0077551B /* ViewController.swift */ = {isa = PBXFileReference; lastKnownFileType = sourcecode.swift; path = ViewController.swift; sourceTree = "<group>"; };
		49409F1A1C48DC6A0077551B /* Assets.xcassets */ = {isa = PBXFileReference; lastKnownFileType = folder.assetcatalog; path = Assets.xcassets; sourceTree = "<group>"; };
		49409F1D1C48DC6A0077551B /* Base */ = {isa = PBXFileReference; lastKnownFileType = file.storyboard; name = Base; path = Base.lproj/LaunchScreen.storyboard; sourceTree = "<group>"; };
		49409F1F1C48DC6A0077551B /* Info.plist */ = {isa = PBXFileReference; lastKnownFileType = text.plist.xml; path = Info.plist; sourceTree = "<group>"; };
		49409F271C48DCB10077551B /* BRBCalmKitBounceAnimator.swift */ = {isa = PBXFileReference; fileEncoding = 4; lastKnownFileType = sourcecode.swift; path = BRBCalmKitBounceAnimator.swift; sourceTree = "<group>"; };
		49409F281C48DCB10077551B /* BRBCalmKitChasingDotsAnimator.swift */ = {isa = PBXFileReference; fileEncoding = 4; lastKnownFileType = sourcecode.swift; path = BRBCalmKitChasingDotsAnimator.swift; sourceTree = "<group>"; };
		49409F291C48DCB10077551B /* BRBCalmKitCircleAnimator.swift */ = {isa = PBXFileReference; fileEncoding = 4; lastKnownFileType = sourcecode.swift; path = BRBCalmKitCircleAnimator.swift; sourceTree = "<group>"; };
		49409F2A1C48DCB10077551B /* BRBCalmKitCubeGridAnimator.swift */ = {isa = PBXFileReference; fileEncoding = 4; lastKnownFileType = sourcecode.swift; path = BRBCalmKitCubeGridAnimator.swift; sourceTree = "<group>"; };
		49409F2B1C48DCB10077551B /* BRBCalmKitDotDonutAnimator.swift */ = {isa = PBXFileReference; fileEncoding = 4; lastKnownFileType = sourcecode.swift; path = BRBCalmKitDotDonutAnimator.swift; sourceTree = "<group>"; };
		49409F2C1C48DCB10077551B /* BRBCalmKitSideBounceAnimator.swift */ = {isa = PBXFileReference; fileEncoding = 4; lastKnownFileType = sourcecode.swift; path = BRBCalmKitSideBounceAnimator.swift; sourceTree = "<group>"; };
		49409F2D1C48DCB10077551B /* BRBCalmKitAnimator.swift */ = {isa = PBXFileReference; fileEncoding = 4; lastKnownFileType = sourcecode.swift; path = BRBCalmKitAnimator.swift; sourceTree = "<group>"; };
		49409F2E1C48DCB10077551B /* BRBCalmKitView.swift */ = {isa = PBXFileReference; fileEncoding = 4; lastKnownFileType = sourcecode.swift; path = BRBCalmKitView.swift; sourceTree = "<group>"; };
		49409F371C48E4840077551B /* BRBCalmKitCircleFlipAnimator.swift */ = {isa = PBXFileReference; fileEncoding = 4; lastKnownFileType = sourcecode.swift; path = BRBCalmKitCircleFlipAnimator.swift; sourceTree = "<group>"; };
		49409F391C48E9F90077551B /* BRBCalmKitPlaneFlipAnimator.swift */ = {isa = PBXFileReference; fileEncoding = 4; lastKnownFileType = sourcecode.swift; path = BRBCalmKitPlaneFlipAnimator.swift; sourceTree = "<group>"; };
		49409F3B1C48EC800077551B /* BRBCalmKitWaveAnimator.swift */ = {isa = PBXFileReference; fileEncoding = 4; lastKnownFileType = sourcecode.swift; path = BRBCalmKitWaveAnimator.swift; sourceTree = "<group>"; };
		49409F3D1C48EE660077551B /* BRBCalmKitWordPressAnimator.swift */ = {isa = PBXFileReference; fileEncoding = 4; lastKnownFileType = sourcecode.swift; path = BRBCalmKitWordPressAnimator.swift; sourceTree = "<group>"; };
		49409F3F1C48FA9D0077551B /* BRBCalmKitArcAnimator.swift */ = {isa = PBXFileReference; fileEncoding = 4; lastKnownFileType = sourcecode.swift; path = BRBCalmKitArcAnimator.swift; sourceTree = "<group>"; };
		49409F411C48FD630077551B /* BRBCalmKitArcAltAnimator.swift */ = {isa = PBXFileReference; fileEncoding = 4; lastKnownFileType = sourcecode.swift; path = BRBCalmKitArcAltAnimator.swift; sourceTree = "<group>"; };
		49409F431C4901400077551B /* BRBCalmKitPulseAnimator.swift */ = {isa = PBXFileReference; fileEncoding = 4; lastKnownFileType = sourcecode.swift; path = BRBCalmKitPulseAnimator.swift; sourceTree = "<group>"; };
		49409F451C4902860077551B /* BRBCalmKitFadingCircleAnimator.swift */ = {isa = PBXFileReference; fileEncoding = 4; lastKnownFileType = sourcecode.swift; path = BRBCalmKitFadingCircleAnimator.swift; sourceTree = "<group>"; };
		49409F471C4907B20077551B /* BRBCalmKitFadingCircleAltAnimator.swift */ = {isa = PBXFileReference; fileEncoding = 4; lastKnownFileType = sourcecode.swift; path = BRBCalmKitFadingCircleAltAnimator.swift; sourceTree = "<group>"; };
		49409F491C4908780077551B /* BRBCalmKitWanderingCubesAnimator.swift */ = {isa = PBXFileReference; fileEncoding = 4; lastKnownFileType = sourcecode.swift; path = BRBCalmKitWanderingCubesAnimator.swift; sourceTree = "<group>"; };
		49409F4B1C4922B70077551B /* BRBCalmKitBigDonutAnimator.swift */ = {isa = PBXFileReference; fileEncoding = 4; lastKnownFileType = sourcecode.swift; path = BRBCalmKitBigDonutAnimator.swift; sourceTree = "<group>"; };
/* End PBXFileReference section */

/* Begin PBXFrameworksBuildPhase section */
		49409F0D1C48DC6A0077551B /* Frameworks */ = {
			isa = PBXFrameworksBuildPhase;
			buildActionMask = 2147483647;
			files = (
			);
			runOnlyForDeploymentPostprocessing = 0;
		};
/* End PBXFrameworksBuildPhase section */

/* Begin PBXGroup section */
		493903381C4B7DA200E7BE50 /* AngularGradientLayer */ = {
			isa = PBXGroup;
			children = (
				493903391C4B7DB300E7BE50 /* BRBAngularGradientLayer.swift */,
			);
			name = AngularGradientLayer;
			path = ../../AngularGradientLayer;
			sourceTree = "<group>";
		};
		49409F071C48DC6A0077551B = {
			isa = PBXGroup;
			children = (
				49409F121C48DC6A0077551B /* CalmKitDemo */,
				49409F111C48DC6A0077551B /* Products */,
			);
			sourceTree = "<group>";
		};
		49409F111C48DC6A0077551B /* Products */ = {
			isa = PBXGroup;
			children = (
				49409F101C48DC6A0077551B /* CalmKitDemo.app */,
			);
			name = Products;
			sourceTree = "<group>";
		};
		49409F121C48DC6A0077551B /* CalmKitDemo */ = {
			isa = PBXGroup;
			children = (
				493903381C4B7DA200E7BE50 /* AngularGradientLayer */,
				49409F251C48DCB10077551B /* CalmKit */,
				49409F131C48DC6A0077551B /* AppDelegate.swift */,
				49409F151C48DC6A0077551B /* ViewController.swift */,
				49409F1A1C48DC6A0077551B /* Assets.xcassets */,
				49409F1C1C48DC6A0077551B /* LaunchScreen.storyboard */,
				49409F1F1C48DC6A0077551B /* Info.plist */,
			);
			path = CalmKitDemo;
			sourceTree = "<group>";
		};
		49409F251C48DCB10077551B /* CalmKit */ = {
			isa = PBXGroup;
			children = (
				49409F261C48DCB10077551B /* Animators */,
				49409F2D1C48DCB10077551B /* BRBCalmKitAnimator.swift */,
				49409F2E1C48DCB10077551B /* BRBCalmKitView.swift */,
			);
			name = CalmKit;
			path = ../../CalmKit;
			sourceTree = "<group>";
		};
		49409F261C48DCB10077551B /* Animators */ = {
			isa = PBXGroup;
			children = (
				493903331C4A877E00E7BE50 /* BRBCalmKitSpectrumColumnAnimator.swift */,
				49409F271C48DCB10077551B /* BRBCalmKitBounceAnimator.swift */,
				49409F281C48DCB10077551B /* BRBCalmKitChasingDotsAnimator.swift */,
				49409F291C48DCB10077551B /* BRBCalmKitCircleAnimator.swift */,
				49409F2A1C48DCB10077551B /* BRBCalmKitCubeGridAnimator.swift */,
				49409F2B1C48DCB10077551B /* BRBCalmKitDotDonutAnimator.swift */,
				49409F2C1C48DCB10077551B /* BRBCalmKitSideBounceAnimator.swift */,
				49409F371C48E4840077551B /* BRBCalmKitCircleFlipAnimator.swift */,
				49409F391C48E9F90077551B /* BRBCalmKitPlaneFlipAnimator.swift */,
				49409F3B1C48EC800077551B /* BRBCalmKitWaveAnimator.swift */,
				49409F3D1C48EE660077551B /* BRBCalmKitWordPressAnimator.swift */,
				49409F3F1C48FA9D0077551B /* BRBCalmKitArcAnimator.swift */,
				49409F411C48FD630077551B /* BRBCalmKitArcAltAnimator.swift */,
				49409F431C4901400077551B /* BRBCalmKitPulseAnimator.swift */,
				49409F451C4902860077551B /* BRBCalmKitFadingCircleAnimator.swift */,
				49409F471C4907B20077551B /* BRBCalmKitFadingCircleAltAnimator.swift */,
				49409F491C4908780077551B /* BRBCalmKitWanderingCubesAnimator.swift */,
				49409F4B1C4922B70077551B /* BRBCalmKitBigDonutAnimator.swift */,
				4939033B1C4BE6CB00E7BE50 /* BRBCalmKitFadingRingAnimator.swift */,
				493B28D51C4CA35300ED43A6 /* BRBCalmKitPairFadingRingAnimator.swift */,
				493B28D71C4E099400ED43A6 /* BRBCalmKitDoubleArcAnimator.swift */,
			);
			path = Animators;
			sourceTree = "<group>";
		};
/* End PBXGroup section */

/* Begin PBXNativeTarget section */
		49409F0F1C48DC6A0077551B /* CalmKitDemo */ = {
			isa = PBXNativeTarget;
			buildConfigurationList = 49409F221C48DC6A0077551B /* Build configuration list for PBXNativeTarget "CalmKitDemo" */;
			buildPhases = (
				49409F0C1C48DC6A0077551B /* Sources */,
				49409F0D1C48DC6A0077551B /* Frameworks */,
				49409F0E1C48DC6A0077551B /* Resources */,
			);
			buildRules = (
			);
			dependencies = (
			);
			name = CalmKitDemo;
			productName = CalmKitDemo;
			productReference = 49409F101C48DC6A0077551B /* CalmKitDemo.app */;
			productType = "com.apple.product-type.application";
		};
/* End PBXNativeTarget section */

/* Begin PBXProject section */
		49409F081C48DC6A0077551B /* Project object */ = {
			isa = PBXProject;
			attributes = {
				LastSwiftUpdateCheck = 0720;
				LastUpgradeCheck = 0720;
				ORGANIZATIONNAME = RadioBear;
				TargetAttributes = {
					49409F0F1C48DC6A0077551B = {
						CreatedOnToolsVersion = 7.2;
					};
				};
			};
			buildConfigurationList = 49409F0B1C48DC6A0077551B /* Build configuration list for PBXProject "CalmKitDemo" */;
			compatibilityVersion = "Xcode 3.2";
			developmentRegion = English;
			hasScannedForEncodings = 0;
			knownRegions = (
				en,
				Base,
			);
			mainGroup = 49409F071C48DC6A0077551B;
			productRefGroup = 49409F111C48DC6A0077551B /* Products */;
			projectDirPath = "";
			projectRoot = "";
			targets = (
				49409F0F1C48DC6A0077551B /* CalmKitDemo */,
			);
		};
/* End PBXProject section */

/* Begin PBXResourcesBuildPhase section */
		49409F0E1C48DC6A0077551B /* Resources */ = {
			isa = PBXResourcesBuildPhase;
			buildActionMask = 2147483647;
			files = (
				49409F1E1C48DC6A0077551B /* LaunchScreen.storyboard in Resources */,
				49409F1B1C48DC6A0077551B /* Assets.xcassets in Resources */,
			);
			runOnlyForDeploymentPostprocessing = 0;
		};
/* End PBXResourcesBuildPhase section */

/* Begin PBXSourcesBuildPhase section */
		49409F0C1C48DC6A0077551B /* Sources */ = {
			isa = PBXSourcesBuildPhase;
			buildActionMask = 2147483647;
			files = (
				49409F341C48DCB10077551B /* BRBCalmKitSideBounceAnimator.swift in Sources */,
				493B28D81C4E099400ED43A6 /* BRBCalmKitDoubleArcAnimator.swift in Sources */,
				49409F2F1C48DCB10077551B /* BRBCalmKitBounceAnimator.swift in Sources */,
				49409F381C48E4840077551B /* BRBCalmKitCircleFlipAnimator.swift in Sources */,
				49409F161C48DC6A0077551B /* ViewController.swift in Sources */,
				4939033C1C4BE6CB00E7BE50 /* BRBCalmKitFadingRingAnimator.swift in Sources */,
				4939033A1C4B7DB300E7BE50 /* BRBAngularGradientLayer.swift in Sources */,
				49409F401C48FA9D0077551B /* BRBCalmKitArcAnimator.swift in Sources */,
				49409F4C1C4922B70077551B /* BRBCalmKitBigDonutAnimator.swift in Sources */,
				49409F361C48DCB10077551B /* BRBCalmKitView.swift in Sources */,
				49409F421C48FD630077551B /* BRBCalmKitArcAltAnimator.swift in Sources */,
				49409F351C48DCB10077551B /* BRBCalmKitAnimator.swift in Sources */,
				49409F461C4902860077551B /* BRBCalmKitFadingCircleAnimator.swift in Sources */,
				49409F481C4907B20077551B /* BRBCalmKitFadingCircleAltAnimator.swift in Sources */,
				49409F321C48DCB10077551B /* BRBCalmKitCubeGridAnimator.swift in Sources */,
				49409F441C4901400077551B /* BRBCalmKitPulseAnimator.swift in Sources */,
				49409F4A1C4908780077551B /* BRBCalmKitWanderingCubesAnimator.swift in Sources */,
				493B28D61C4CA35300ED43A6 /* BRBCalmKitPairFadingRingAnimator.swift in Sources */,
				49409F3C1C48EC800077551B /* BRBCalmKitWaveAnimator.swift in Sources */,
				49409F3A1C48E9F90077551B /* BRBCalmKitPlaneFlipAnimator.swift in Sources */,
				49409F3E1C48EE660077551B /* BRBCalmKitWordPressAnimator.swift in Sources */,
				49409F141C48DC6A0077551B /* AppDelegate.swift in Sources */,
				493903341C4A877E00E7BE50 /* BRBCalmKitSpectrumColumnAnimator.swift in Sources */,
				49409F311C48DCB10077551B /* BRBCalmKitCircleAnimator.swift in Sources */,
				49409F301C48DCB10077551B /* BRBCalmKitChasingDotsAnimator.swift in Sources */,
				49409F331C48DCB10077551B /* BRBCalmKitDotDonutAnimator.swift in Sources */,
			);
			runOnlyForDeploymentPostprocessing = 0;
		};
/* End PBXSourcesBuildPhase section */

/* Begin PBXVariantGroup section */
		49409F1C1C48DC6A0077551B /* LaunchScreen.storyboard */ = {
			isa = PBXVariantGroup;
			children = (
				49409F1D1C48DC6A0077551B /* Base */,
			);
			name = LaunchScreen.storyboard;
			sourceTree = "<group>";
		};
/* End PBXVariantGroup section */

/* Begin XCBuildConfiguration section */
		49409F201C48DC6A0077551B /* Debug */ = {
			isa = XCBuildConfiguration;
			buildSettings = {
				ALWAYS_SEARCH_USER_PATHS = NO;
				CLANG_CXX_LANGUAGE_STANDARD = "gnu++0x";
				CLANG_CXX_LIBRARY = "libc++";
				CLANG_ENABLE_MODULES = YES;
				CLANG_ENABLE_OBJC_ARC = YES;
				CLANG_WARN_BOOL_CONVERSION = YES;
				CLANG_WARN_CONSTANT_CONVERSION = YES;
				CLANG_WARN_DIRECT_OBJC_ISA_USAGE = YES_ERROR;
				CLANG_WARN_EMPTY_BODY = YES;
				CLANG_WARN_ENUM_CONVERSION = YES;
				CLANG_WARN_INT_CONVERSION = YES;
				CLANG_WARN_OBJC_ROOT_CLASS = YES_ERROR;
				CLANG_WARN_UNREACHABLE_CODE = YES;
				CLANG_WARN__DUPLICATE_METHOD_MATCH = YES;
				"CODE_SIGN_IDENTITY[sdk=iphoneos*]" = "iPhone Developer";
				COPY_PHASE_STRIP = NO;
				DEBUG_INFORMATION_FORMAT = dwarf;
				ENABLE_STRICT_OBJC_MSGSEND = YES;
				ENABLE_TESTABILITY = YES;
				GCC_C_LANGUAGE_STANDARD = gnu99;
				GCC_DYNAMIC_NO_PIC = NO;
				GCC_NO_COMMON_BLOCKS = YES;
				GCC_OPTIMIZATION_LEVEL = 0;
				GCC_PREPROCESSOR_DEFINITIONS = (
					"DEBUG=1",
					"$(inherited)",
				);
				GCC_WARN_64_TO_32_BIT_CONVERSION = YES;
				GCC_WARN_ABOUT_RETURN_TYPE = YES_ERROR;
				GCC_WARN_UNDECLARED_SELECTOR = YES;
				GCC_WARN_UNINITIALIZED_AUTOS = YES_AGGRESSIVE;
				GCC_WARN_UNUSED_FUNCTION = YES;
				GCC_WARN_UNUSED_VARIABLE = YES;
				IPHONEOS_DEPLOYMENT_TARGET = 7.0;
				MTL_ENABLE_DEBUG_INFO = YES;
				ONLY_ACTIVE_ARCH = YES;
				SDKROOT = iphoneos;
				SWIFT_OPTIMIZATION_LEVEL = "-Onone";
				TARGETED_DEVICE_FAMILY = "1,2";
			};
			name = Debug;
		};
		49409F211C48DC6A0077551B /* Release */ = {
			isa = XCBuildConfiguration;
			buildSettings = {
				ALWAYS_SEARCH_USER_PATHS = NO;
				CLANG_CXX_LANGUAGE_STANDARD = "gnu++0x";
				CLANG_CXX_LIBRARY = "libc++";
				CLANG_ENABLE_MODULES = YES;
				CLANG_ENABLE_OBJC_ARC = YES;
				CLANG_WARN_BOOL_CONVERSION = YES;
				CLANG_WARN_CONSTANT_CONVERSION = YES;
				CLANG_WARN_DIRECT_OBJC_ISA_USAGE = YES_ERROR;
				CLANG_WARN_EMPTY_BODY = YES;
				CLANG_WARN_ENUM_CONVERSION = YES;
				CLANG_WARN_INT_CONVERSION = YES;
				CLANG_WARN_OBJC_ROOT_CLASS = YES_ERROR;
				CLANG_WARN_UNREACHABLE_CODE = YES;
				CLANG_WARN__DUPLICATE_METHOD_MATCH = YES;
				"CODE_SIGN_IDENTITY[sdk=iphoneos*]" = "iPhone Developer";
				COPY_PHASE_STRIP = NO;
				DEBUG_INFORMATION_FORMAT = "dwarf-with-dsym";
				ENABLE_NS_ASSERTIONS = NO;
				ENABLE_STRICT_OBJC_MSGSEND = YES;
				GCC_C_LANGUAGE_STANDARD = gnu99;
				GCC_NO_COMMON_BLOCKS = YES;
				GCC_WARN_64_TO_32_BIT_CONVERSION = YES;
				GCC_WARN_ABOUT_RETURN_TYPE = YES_ERROR;
				GCC_WARN_UNDECLARED_SELECTOR = YES;
				GCC_WARN_UNINITIALIZED_AUTOS = YES_AGGRESSIVE;
				GCC_WARN_UNUSED_FUNCTION = YES;
				GCC_WARN_UNUSED_VARIABLE = YES;
				IPHONEOS_DEPLOYMENT_TARGET = 7.0;
				MTL_ENABLE_DEBUG_INFO = NO;
				SDKROOT = iphoneos;
				TARGETED_DEVICE_FAMILY = "1,2";
				VALIDATE_PRODUCT = YES;
			};
			name = Release;
		};
		49409F231C48DC6A0077551B /* Debug */ = {
			isa = XCBuildConfiguration;
			buildSettings = {
				ASSETCATALOG_COMPILER_APPICON_NAME = AppIcon;
				CODE_SIGN_IDENTITY = "iPhone Developer";
				INFOPLIST_FILE = CalmKitDemo/Info.plist;
				IPHONEOS_DEPLOYMENT_TARGET = 7.0;
				LD_RUNPATH_SEARCH_PATHS = "$(inherited) @executable_path/Frameworks";
				PRODUCT_BUNDLE_IDENTIFIER = com.radiobear.CalmKitDemo;
				PRODUCT_NAME = "$(TARGET_NAME)";
			};
			name = Debug;
		};
		49409F241C48DC6A0077551B /* Release */ = {
			isa = XCBuildConfiguration;
			buildSettings = {
				ASSETCATALOG_COMPILER_APPICON_NAME = AppIcon;
				CODE_SIGN_IDENTITY = "iPhone Developer";
				INFOPLIST_FILE = CalmKitDemo/Info.plist;
				IPHONEOS_DEPLOYMENT_TARGET = 7.0;
				LD_RUNPATH_SEARCH_PATHS = "$(inherited) @executable_path/Frameworks";
				PRODUCT_BUNDLE_IDENTIFIER = com.radiobear.CalmKitDemo;
				PRODUCT_NAME = "$(TARGET_NAME)";
			};
			name = Release;
		};
/* End XCBuildConfiguration section */

/* Begin XCConfigurationList section */
		49409F0B1C48DC6A0077551B /* Build configuration list for PBXProject "CalmKitDemo" */ = {
			isa = XCConfigurationList;
			buildConfigurations = (
				49409F201C48DC6A0077551B /* Debug */,
				49409F211C48DC6A0077551B /* Release */,
			);
			defaultConfigurationIsVisible = 0;
			defaultConfigurationName = Release;
		};
		49409F221C48DC6A0077551B /* Build configuration list for PBXNativeTarget "CalmKitDemo" */ = {
			isa = XCConfigurationList;
			buildConfigurations = (
				49409F231C48DC6A0077551B /* Debug */,
				49409F241C48DC6A0077551B /* Release */,
			);
			defaultConfigurationIsVisible = 0;
			defaultConfigurationName = Release;
		};
/* End XCConfigurationList section */
	};
	rootObject = 49409F081C48DC6A0077551B /* Project object */;
}
